
Microsoft Visual Studio Solution File, Format Version 11.00
# Visual Studio 2010
Project("{FAE04EC0-301F-11D3-BF4B-00C04F79EFBC}") = "Conway", "Conway\Conway.csproj", "{4E08A7F6-CC93-4EFD-BEFE-635B23496FB2}"
EndProject
Project("{FAE04EC0-301F-11D3-BF4B-00C04F79EFBC}") = "Conway.Core", "Conway.Core\Conway.Core.csproj", "{A4B55532-4EC5-4F79-B7DD-90B3178F20F3}"
EndProject
Project("{2150E333-8FDC-42A3-9474-1A3956D46DE8}") = "lib", "lib", "{D6F9AB74-3EEE-43B0-8242-4816F821CF65}"
	ProjectSection(SolutionItems) = preProject
		lib\Mjunit.dll = lib\Mjunit.dll
	EndProjectSection
EndProject
Global
	GlobalSection(SolutionConfigurationPlatforms) = preSolution
		Debug|Any CPU = Debug|Any CPU
		Release|Any CPU = Release|Any CPU
	EndGlobalSection
	GlobalSection(ProjectConfigurationPlatforms) = postSolution
		{4E08A7F6-CC93-4EFD-BEFE-635B23496FB2}.Debug|Any CPU.ActiveCfg = Debug|Any CPU
		{4E08A7F6-CC93-4EFD-BEFE-635B23496FB2}.Debug|Any CPU.Build.0 = Debug|Any CPU
		{4E08A7F6-CC93-4EFD-BEFE-635B23496FB2}.Debug|Any CPU.Deploy.0 = Debug|Any CPU
		{4E08A7F6-CC93-4EFD-BEFE-635B23496FB2}.Release|Any CPU.ActiveCfg = Release|Any CPU
		{4E08A7F6-CC93-4EFD-BEFE-635B23496FB2}.Release|Any CPU.Build.0 = Release|Any CPU
		{4E08A7F6-CC93-4EFD-BEFE-635B23496FB2}.Release|Any CPU.Deploy.0 = Release|Any CPU
		{A4B55532-4EC5-4F79-B7DD-90B3178F20F3}.Debug|Any CPU.ActiveCfg = Debug|Any CPU
		{A4B55532-4EC5-4F79-B7DD-90B3178F20F3}.Debug|Any CPU.Build.0 = Debug|Any CPU
		{A4B55532-4EC5-4F79-B7DD-90B3178F20F3}.Release|Any CPU.ActiveCfg = Release|Any CPU
		{A4B55532-4EC5-4F79-B7DD-90B3178F20F3}.Release|Any CPU.Build.0 = Release|Any CPU
	EndGlobalSection
	GlobalSection(SolutionProperties) = preSolution
		HideSolutionNode = FALSE
	EndGlobalSection
EndGlobal
